
Microsoft Visual Studio Solution File, Format Version 12.00
# Visual Studio Version 17
VisualStudioVersion = 17.8.34511.84
MinimumVisualStudioVersion = 10.0.40219.1
Project("{8BC9CEB8-8B4A-11D0-8D11-00A0C91BC942}") = "Git Lesson Practice Work", "Git Lesson Practice Work\Git Lesson Practice Work.vcxproj", "{37CB28A8-2A33-4347-8DA9-89B86DDB714B}"
EndProject
Global
	GlobalSection(SolutionConfigurationPlatforms) = preSolution
		Debug|x64 = Debug|x64
		Debug|x86 = Debug|x86
		Release|x64 = Release|x64
		Release|x86 = Release|x86
	EndGlobalSection
	GlobalSection(ProjectConfigurationPlatforms) = postSolution
		{37CB28A8-2A33-4347-8DA9-89B86DDB714B}.Debug|x64.ActiveCfg = Debug|x64
		{37CB28A8-2A33-4347-8DA9-89B86DDB714B}.Debug|x64.Build.0 = Debug|x64
		{37CB28A8-2A33-4347-8DA9-89B86DDB714B}.Debug|x86.ActiveCfg = Debug|Win32
		{37CB28A8-2A33-4347-8DA9-89B86DDB714B}.Debug|x86.Build.0 = Debug|Win32
		{37CB28A8-2A33-4347-8DA9-89B86DDB714B}.Release|x64.ActiveCfg = Release|x64
		{37CB28A8-2A33-4347-8DA9-89B86DDB714B}.Release|x64.Build.0 = Release|x64
		{37CB28A8-2A33-4347-8DA9-89B86DDB714B}.Release|x86.ActiveCfg = Release|Win32
		{37CB28A8-2A33-4347-8DA9-89B86DDB714B}.Release|x86.Build.0 = Release|Win32
	EndGlobalSection
	GlobalSection(SolutionProperties) = preSolution
		HideSolutionNode = FALSE
	EndGlobalSection
	GlobalSection(ExtensibilityGlobals) = postSolution
		SolutionGuid = {446829CF-BA3D-4B2C-AFB8-1942D89C9D37}
	EndGlobalSection
EndGlobal
